// !$*UTF8*$!
{
	archiveVersion = 1;
	classes = {
	};
	objectVersion = 56;
	objects = {

/* Begin PBXBuildFile section */
		D9474720294C73CF007C414B /* NewsClientSwiftAppApp.swift in Sources */ = {isa = PBXBuildFile; fileRef = D947471F294C73CF007C414B /* NewsClientSwiftAppApp.swift */; };
		D9474724294C73D0007C414B /* Assets.xcassets in Resources */ = {isa = PBXBuildFile; fileRef = D9474723294C73D0007C414B /* Assets.xcassets */; };
		D9474727294C73D0007C414B /* Preview Assets.xcassets in Resources */ = {isa = PBXBuildFile; fileRef = D9474726294C73D0007C414B /* Preview Assets.xcassets */; };
		D9474731294C73D0007C414B /* NewsClientSwiftAppTests.swift in Sources */ = {isa = PBXBuildFile; fileRef = D9474730294C73D0007C414B /* NewsClientSwiftAppTests.swift */; };
		D947473B294C73D0007C414B /* NewsClientSwiftAppUITests.swift in Sources */ = {isa = PBXBuildFile; fileRef = D947473A294C73D0007C414B /* NewsClientSwiftAppUITests.swift */; };
		D947473D294C73D0007C414B /* NewsClientSwiftAppUITestsLaunchTests.swift in Sources */ = {isa = PBXBuildFile; fileRef = D947473C294C73D0007C414B /* NewsClientSwiftAppUITestsLaunchTests.swift */; };
		D94747AC295C6F0C007C414B /* NewsService.swift in Sources */ = {isa = PBXBuildFile; fileRef = D94747AB295C6F0C007C414B /* NewsService.swift */; };
		D94747B0295C6F15007C414B /* News.swift in Sources */ = {isa = PBXBuildFile; fileRef = D94747AE295C6F15007C414B /* News.swift */; };
		D94747B1295C6F15007C414B /* Article.swift in Sources */ = {isa = PBXBuildFile; fileRef = D94747AF295C6F15007C414B /* Article.swift */; };
		D94747B7295C6F31007C414B /* ModalView.swift in Sources */ = {isa = PBXBuildFile; fileRef = D94747B3295C6F31007C414B /* ModalView.swift */; };
		D94747B8295C6F31007C414B /* WebView.swift in Sources */ = {isa = PBXBuildFile; fileRef = D94747B4295C6F31007C414B /* WebView.swift */; };
		D94747B9295C6F31007C414B /* ContentView.swift in Sources */ = {isa = PBXBuildFile; fileRef = D94747B5295C6F31007C414B /* ContentView.swift */; };
		D94747BA295C6F31007C414B /* ArticleRow.swift in Sources */ = {isa = PBXBuildFile; fileRef = D94747B6295C6F31007C414B /* ArticleRow.swift */; };
		D94747BC295C6F7A007C414B /* APIKey.swift in Sources */ = {isa = PBXBuildFile; fileRef = D94747BB295C6F7A007C414B /* APIKey.swift */; };
/* End PBXBuildFile section */

/* Begin PBXContainerItemProxy section */
		D947472D294C73D0007C414B /* PBXContainerItemProxy */ = {
			isa = PBXContainerItemProxy;
			containerPortal = D9474714294C73CF007C414B /* Project object */;
			proxyType = 1;
			remoteGlobalIDString = D947471B294C73CF007C414B;
			remoteInfo = NewsClientSwiftApp;
		};
		D9474737294C73D0007C414B /* PBXContainerItemProxy */ = {
			isa = PBXContainerItemProxy;
			containerPortal = D9474714294C73CF007C414B /* Project object */;
			proxyType = 1;
			remoteGlobalIDString = D947471B294C73CF007C414B;
			remoteInfo = NewsClientSwiftApp;
		};
/* End PBXContainerItemProxy section */

/* Begin PBXFileReference section */
		D947471C294C73CF007C414B /* NewsClientSwiftApp.app */ = {isa = PBXFileReference; explicitFileType = wrapper.application; includeInIndex = 0; path = NewsClientSwiftApp.app; sourceTree = BUILT_PRODUCTS_DIR; };
		D947471F294C73CF007C414B /* NewsClientSwiftAppApp.swift */ = {isa = PBXFileReference; lastKnownFileType = sourcecode.swift; path = NewsClientSwiftAppApp.swift; sourceTree = "<group>"; };
		D9474723294C73D0007C414B /* Assets.xcassets */ = {isa = PBXFileReference; lastKnownFileType = folder.assetcatalog; path = Assets.xcassets; sourceTree = "<group>"; };
		D9474726294C73D0007C414B /* Preview Assets.xcassets */ = {isa = PBXFileReference; lastKnownFileType = folder.assetcatalog; path = "Preview Assets.xcassets"; sourceTree = "<group>"; };
		D947472C294C73D0007C414B /* NewsClientSwiftAppTests.xctest */ = {isa = PBXFileReference; explicitFileType = wrapper.cfbundle; includeInIndex = 0; path = NewsClientSwiftAppTests.xctest; sourceTree = BUILT_PRODUCTS_DIR; };
		D9474730294C73D0007C414B /* NewsClientSwiftAppTests.swift */ = {isa = PBXFileReference; lastKnownFileType = sourcecode.swift; path = NewsClientSwiftAppTests.swift; sourceTree = "<group>"; };
		D9474736294C73D0007C414B /* NewsClientSwiftAppUITests.xctest */ = {isa = PBXFileReference; explicitFileType = wrapper.cfbundle; includeInIndex = 0; path = NewsClientSwiftAppUITests.xctest; sourceTree = BUILT_PRODUCTS_DIR; };
		D947473A294C73D0007C414B /* NewsClientSwiftAppUITests.swift */ = {isa = PBXFileReference; lastKnownFileType = sourcecode.swift; path = NewsClientSwiftAppUITests.swift; sourceTree = "<group>"; };
		D947473C294C73D0007C414B /* NewsClientSwiftAppUITestsLaunchTests.swift */ = {isa = PBXFileReference; lastKnownFileType = sourcecode.swift; path = NewsClientSwiftAppUITestsLaunchTests.swift; sourceTree = "<group>"; };
		D94747AB295C6F0C007C414B /* NewsService.swift */ = {isa = PBXFileReference; fileEncoding = 4; lastKnownFileType = sourcecode.swift; path = NewsService.swift; sourceTree = "<group>"; };
		D94747AE295C6F15007C414B /* News.swift */ = {isa = PBXFileReference; fileEncoding = 4; lastKnownFileType = sourcecode.swift; path = News.swift; sourceTree = "<group>"; };
		D94747AF295C6F15007C414B /* Article.swift */ = {isa = PBXFileReference; fileEncoding = 4; lastKnownFileType = sourcecode.swift; path = Article.swift; sourceTree = "<group>"; };
		D94747B3295C6F31007C414B /* ModalView.swift */ = {isa = PBXFileReference; fileEncoding = 4; lastKnownFileType = sourcecode.swift; path = ModalView.swift; sourceTree = "<group>"; };
		D94747B4295C6F31007C414B /* WebView.swift */ = {isa = PBXFileReference; fileEncoding = 4; lastKnownFileType = sourcecode.swift; path = WebView.swift; sourceTree = "<group>"; };
		D94747B5295C6F31007C414B /* ContentView.swift */ = {isa = PBXFileReference; fileEncoding = 4; lastKnownFileType = sourcecode.swift; path = ContentView.swift; sourceTree = "<group>"; };
		D94747B6295C6F31007C414B /* ArticleRow.swift */ = {isa = PBXFileReference; fileEncoding = 4; lastKnownFileType = sourcecode.swift; path = ArticleRow.swift; sourceTree = "<group>"; };
		D94747BB295C6F7A007C414B /* APIKey.swift */ = {isa = PBXFileReference; lastKnownFileType = sourcecode.swift; path = APIKey.swift; sourceTree = "<group>"; };
/* End PBXFileReference section */

/* Begin PBXFrameworksBuildPhase section */
		D9474719294C73CF007C414B /* Frameworks */ = {
			isa = PBXFrameworksBuildPhase;
			buildActionMask = 2147483647;
			files = (
			);
			runOnlyForDeploymentPostprocessing = 0;
		};
		D9474729294C73D0007C414B /* Frameworks */ = {
			isa = PBXFrameworksBuildPhase;
			buildActionMask = 2147483647;
			files = (
			);
			runOnlyForDeploymentPostprocessing = 0;
		};
		D9474733294C73D0007C414B /* Frameworks */ = {
			isa = PBXFrameworksBuildPhase;
			buildActionMask = 2147483647;
			files = (
			);
			runOnlyForDeploymentPostprocessing = 0;
		};
/* End PBXFrameworksBuildPhase section */

/* Begin PBXGroup section */
		D9474713294C73CF007C414B = {
			isa = PBXGroup;
			children = (
				D947471E294C73CF007C414B /* NewsClientSwiftApp */,
				D947472F294C73D0007C414B /* NewsClientSwiftAppTests */,
				D9474739294C73D0007C414B /* NewsClientSwiftAppUITests */,
				D947471D294C73CF007C414B /* Products */,
			);
			sourceTree = "<group>";
		};
		D947471D294C73CF007C414B /* Products */ = {
			isa = PBXGroup;
			children = (
				D947471C294C73CF007C414B /* NewsClientSwiftApp.app */,
				D947472C294C73D0007C414B /* NewsClientSwiftAppTests.xctest */,
				D9474736294C73D0007C414B /* NewsClientSwiftAppUITests.xctest */,
			);
			name = Products;
			sourceTree = "<group>";
		};
		D947471E294C73CF007C414B /* NewsClientSwiftApp */ = {
			isa = PBXGroup;
			children = (
				D94747AA295C6F0C007C414B /* API */,
				D94747AD295C6F15007C414B /* Models */,
				D94747B2295C6F31007C414B /* Views */,
				D947471F294C73CF007C414B /* NewsClientSwiftAppApp.swift */,
				D9474723294C73D0007C414B /* Assets.xcassets */,
				D9474725294C73D0007C414B /* Preview Content */,
				D94747BB295C6F7A007C414B /* APIKey.swift */,
			);
			path = NewsClientSwiftApp;
			sourceTree = "<group>";
		};
		D9474725294C73D0007C414B /* Preview Content */ = {
			isa = PBXGroup;
			children = (
				D9474726294C73D0007C414B /* Preview Assets.xcassets */,
			);
			path = "Preview Content";
			sourceTree = "<group>";
		};
		D947472F294C73D0007C414B /* NewsClientSwiftAppTests */ = {
			isa = PBXGroup;
			children = (
				D9474730294C73D0007C414B /* NewsClientSwiftAppTests.swift */,
			);
			path = NewsClientSwiftAppTests;
			sourceTree = "<group>";
		};
		D9474739294C73D0007C414B /* NewsClientSwiftAppUITests */ = {
			isa = PBXGroup;
			children = (
				D947473A294C73D0007C414B /* NewsClientSwiftAppUITests.swift */,
				D947473C294C73D0007C414B /* NewsClientSwiftAppUITestsLaunchTests.swift */,
			);
			path = NewsClientSwiftAppUITests;
			sourceTree = "<group>";
		};
		D94747AA295C6F0C007C414B /* API */ = {
			isa = PBXGroup;
			children = (
				D94747AB295C6F0C007C414B /* NewsService.swift */,
			);
			path = API;
			sourceTree = "<group>";
		};
		D94747AD295C6F15007C414B /* Models */ = {
			isa = PBXGroup;
			children = (
				D94747AE295C6F15007C414B /* News.swift */,
				D94747AF295C6F15007C414B /* Article.swift */,
			);
			path = Models;
			sourceTree = "<group>";
		};
		D94747B2295C6F31007C414B /* Views */ = {
			isa = PBXGroup;
			children = (
				D94747B3295C6F31007C414B /* ModalView.swift */,
				D94747B4295C6F31007C414B /* WebView.swift */,
				D94747B5295C6F31007C414B /* ContentView.swift */,
				D94747B6295C6F31007C414B /* ArticleRow.swift */,
			);
			name = Views;
			path = NewsClientSwiftApp/Views;
			sourceTree = SOURCE_ROOT;
		};
/* End PBXGroup section */

/* Begin PBXNativeTarget section */
		D947471B294C73CF007C414B /* NewsClientSwiftApp */ = {
			isa = PBXNativeTarget;
			buildConfigurationList = D9474740294C73D0007C414B /* Build configuration list for PBXNativeTarget "NewsClientSwiftApp" */;
			buildPhases = (
				D9474718294C73CF007C414B /* Sources */,
				D9474719294C73CF007C414B /* Frameworks */,
				D947471A294C73CF007C414B /* Resources */,
			);
			buildRules = (
			);
			dependencies = (
			);
			name = NewsClientSwiftApp;
			productName = NewsClientSwiftApp;
			productReference = D947471C294C73CF007C414B /* NewsClientSwiftApp.app */;
			productType = "com.apple.product-type.application";
		};
		D947472B294C73D0007C414B /* NewsClientSwiftAppTests */ = {
			isa = PBXNativeTarget;
			buildConfigurationList = D9474743294C73D0007C414B /* Build configuration list for PBXNativeTarget "NewsClientSwiftAppTests" */;
			buildPhases = (
				D9474728294C73D0007C414B /* Sources */,
				D9474729294C73D0007C414B /* Frameworks */,
				D947472A294C73D0007C414B /* Resources */,
			);
			buildRules = (
			);
			dependencies = (
				D947472E294C73D0007C414B /* PBXTargetDependency */,
			);
			name = NewsClientSwiftAppTests;
			productName = NewsClientSwiftAppTests;
			productReference = D947472C294C73D0007C414B /* NewsClientSwiftAppTests.xctest */;
			productType = "com.apple.product-type.bundle.unit-test";
		};
		D9474735294C73D0007C414B /* NewsClientSwiftAppUITests */ = {
			isa = PBXNativeTarget;
			buildConfigurationList = D9474746294C73D0007C414B /* Build configuration list for PBXNativeTarget "NewsClientSwiftAppUITests" */;
			buildPhases = (
				D9474732294C73D0007C414B /* Sources */,
				D9474733294C73D0007C414B /* Frameworks */,
				D9474734294C73D0007C414B /* Resources */,
			);
			buildRules = (
			);
			dependencies = (
				D9474738294C73D0007C414B /* PBXTargetDependency */,
			);
			name = NewsClientSwiftAppUITests;
			productName = NewsClientSwiftAppUITests;
			productReference = D9474736294C73D0007C414B /* NewsClientSwiftAppUITests.xctest */;
			productType = "com.apple.product-type.bundle.ui-testing";
		};
/* End PBXNativeTarget section */

/* Begin PBXProject section */
		D9474714294C73CF007C414B /* Project object */ = {
			isa = PBXProject;
			attributes = {
				BuildIndependentTargetsInParallel = 1;
				LastSwiftUpdateCheck = 1400;
				LastUpgradeCheck = 1400;
				TargetAttributes = {
					D947471B294C73CF007C414B = {
						CreatedOnToolsVersion = 14.0.1;
					};
					D947472B294C73D0007C414B = {
						CreatedOnToolsVersion = 14.0.1;
						TestTargetID = D947471B294C73CF007C414B;
					};
					D9474735294C73D0007C414B = {
						CreatedOnToolsVersion = 14.0.1;
						TestTargetID = D947471B294C73CF007C414B;
					};
				};
			};
			buildConfigurationList = D9474717294C73CF007C414B /* Build configuration list for PBXProject "NewsClientSwiftApp" */;
			compatibilityVersion = "Xcode 14.0";
			developmentRegion = en;
			hasScannedForEncodings = 0;
			knownRegions = (
				en,
				Base,
			);
			mainGroup = D9474713294C73CF007C414B;
			productRefGroup = D947471D294C73CF007C414B /* Products */;
			projectDirPath = "";
			projectRoot = "";
			targets = (
				D947471B294C73CF007C414B /* NewsClientSwiftApp */,
				D947472B294C73D0007C414B /* NewsClientSwiftAppTests */,
				D9474735294C73D0007C414B /* NewsClientSwiftAppUITests */,
			);
		};
/* End PBXProject section */

/* Begin PBXResourcesBuildPhase section */
		D947471A294C73CF007C414B /* Resources */ = {
			isa = PBXResourcesBuildPhase;
			buildActionMask = 2147483647;
			files = (
				D9474727294C73D0007C414B /* Preview Assets.xcassets in Resources */,
				D9474724294C73D0007C414B /* Assets.xcassets in Resources */,
			);
			runOnlyForDeploymentPostprocessing = 0;
		};
		D947472A294C73D0007C414B /* Resources */ = {
			isa = PBXResourcesBuildPhase;
			buildActionMask = 2147483647;
			files = (
			);
			runOnlyForDeploymentPostprocessing = 0;
		};
		D9474734294C73D0007C414B /* Resources */ = {
			isa = PBXResourcesBuildPhase;
			buildActionMask = 2147483647;
			files = (
			);
			runOnlyForDeploymentPostprocessing = 0;
		};
/* End PBXResourcesBuildPhase section */

/* Begin PBXSourcesBuildPhase section */
		D9474718294C73CF007C414B /* Sources */ = {
			isa = PBXSourcesBuildPhase;
			buildActionMask = 2147483647;
			files = (
				D94747B7295C6F31007C414B /* ModalView.swift in Sources */,
				D94747AC295C6F0C007C414B /* NewsService.swift in Sources */,
				D94747B9295C6F31007C414B /* ContentView.swift in Sources */,
				D94747B0295C6F15007C414B /* News.swift in Sources */,
				D9474720294C73CF007C414B /* NewsClientSwiftAppApp.swift in Sources */,
				D94747B1295C6F15007C414B /* Article.swift in Sources */,
				D94747B8295C6F31007C414B /* WebView.swift in Sources */,
				D94747BC295C6F7A007C414B /* APIKey.swift in Sources */,
				D94747BA295C6F31007C414B /* ArticleRow.swift in Sources */,
			);
			runOnlyForDeploymentPostprocessing = 0;
		};
		D9474728294C73D0007C414B /* Sources */ = {
			isa = PBXSourcesBuildPhase;
			buildActionMask = 2147483647;
			files = (
				D9474731294C73D0007C414B /* NewsClientSwiftAppTests.swift in Sources */,
			);
			runOnlyForDeploymentPostprocessing = 0;
		};
		D9474732294C73D0007C414B /* Sources */ = {
			isa = PBXSourcesBuildPhase;
			buildActionMask = 2147483647;
			files = (
				D947473D294C73D0007C414B /* NewsClientSwiftAppUITestsLaunchTests.swift in Sources */,
				D947473B294C73D0007C414B /* NewsClientSwiftAppUITests.swift in Sources */,
			);
			runOnlyForDeploymentPostprocessing = 0;
		};
/* End PBXSourcesBuildPhase section */

/* Begin PBXTargetDependency section */
		D947472E294C73D0007C414B /* PBXTargetDependency */ = {
			isa = PBXTargetDependency;
			target = D947471B294C73CF007C414B /* NewsClientSwiftApp */;
			targetProxy = D947472D294C73D0007C414B /* PBXContainerItemProxy */;
		};
		D9474738294C73D0007C414B /* PBXTargetDependency */ = {
			isa = PBXTargetDependency;
			target = D947471B294C73CF007C414B /* NewsClientSwiftApp */;
			targetProxy = D9474737294C73D0007C414B /* PBXContainerItemProxy */;
		};
/* End PBXTargetDependency section */

/* Begin XCBuildConfiguration section */
		D947473E294C73D0007C414B /* Debug */ = {
			isa = XCBuildConfiguration;
			buildSettings = {
				ALWAYS_SEARCH_USER_PATHS = NO;
				CLANG_ANALYZER_NONNULL = YES;
				CLANG_ANALYZER_NUMBER_OBJECT_CONVERSION = YES_AGGRESSIVE;
				CLANG_CXX_LANGUAGE_STANDARD = "gnu++20";
				CLANG_ENABLE_MODULES = YES;
				CLANG_ENABLE_OBJC_ARC = YES;
				CLANG_ENABLE_OBJC_WEAK = YES;
				CLANG_WARN_BLOCK_CAPTURE_AUTORELEASING = YES;
				CLANG_WARN_BOOL_CONVERSION = YES;
				CLANG_WARN_COMMA = YES;
				CLANG_WARN_CONSTANT_CONVERSION = YES;
				CLANG_WARN_DEPRECATED_OBJC_IMPLEMENTATIONS = YES;
				CLANG_WARN_DIRECT_OBJC_ISA_USAGE = YES_ERROR;
				CLANG_WARN_DOCUMENTATION_COMMENTS = YES;
				CLANG_WARN_EMPTY_BODY = YES;
				CLANG_WARN_ENUM_CONVERSION = YES;
				CLANG_WARN_INFINITE_RECURSION = YES;
				CLANG_WARN_INT_CONVERSION = YES;
				CLANG_WARN_NON_LITERAL_NULL_CONVERSION = YES;
				CLANG_WARN_OBJC_IMPLICIT_RETAIN_SELF = YES;
				CLANG_WARN_OBJC_LITERAL_CONVERSION = YES;
				CLANG_WARN_OBJC_ROOT_CLASS = YES_ERROR;
				CLANG_WARN_QUOTED_INCLUDE_IN_FRAMEWORK_HEADER = YES;
				CLANG_WARN_RANGE_LOOP_ANALYSIS = YES;
				CLANG_WARN_STRICT_PROTOTYPES = YES;
				CLANG_WARN_SUSPICIOUS_MOVE = YES;
				CLANG_WARN_UNGUARDED_AVAILABILITY = YES_AGGRESSIVE;
				CLANG_WARN_UNREACHABLE_CODE = YES;
				CLANG_WARN__DUPLICATE_METHOD_MATCH = YES;
				COPY_PHASE_STRIP = NO;
				DEBUG_INFORMATION_FORMAT = dwarf;
				ENABLE_STRICT_OBJC_MSGSEND = YES;
				ENABLE_TESTABILITY = YES;
				GCC_C_LANGUAGE_STANDARD = gnu11;
				GCC_DYNAMIC_NO_PIC = NO;
				GCC_NO_COMMON_BLOCKS = YES;
				GCC_OPTIMIZATION_LEVEL = 0;
				GCC_PREPROCESSOR_DEFINITIONS = (
					"DEBUG=1",
					"$(inherited)",
				);
				GCC_WARN_64_TO_32_BIT_CONVERSION = YES;
				GCC_WARN_ABOUT_RETURN_TYPE = YES_ERROR;
				GCC_WARN_UNDECLARED_SELECTOR = YES;
				GCC_WARN_UNINITIALIZED_AUTOS = YES_AGGRESSIVE;
				GCC_WARN_UNUSED_FUNCTION = YES;
				GCC_WARN_UNUSED_VARIABLE = YES;
				IPHONEOS_DEPLOYMENT_TARGET = 16.0;
				MTL_ENABLE_DEBUG_INFO = INCLUDE_SOURCE;
				MTL_FAST_MATH = YES;
				ONLY_ACTIVE_ARCH = YES;
				SDKROOT = iphoneos;
				SWIFT_ACTIVE_COMPILATION_CONDITIONS = DEBUG;
				SWIFT_OPTIMIZATION_LEVEL = "-Onone";
			};
			name = Debug;
		};
		D947473F294C73D0007C414B /* Release */ = {
			isa = XCBuildConfiguration;
			buildSettings = {
				ALWAYS_SEARCH_USER_PATHS = NO;
				CLANG_ANALYZER_NONNULL = YES;
				CLANG_ANALYZER_NUMBER_OBJECT_CONVERSION = YES_AGGRESSIVE;
				CLANG_CXX_LANGUAGE_STANDARD = "gnu++20";
				CLANG_ENABLE_MODULES = YES;
				CLANG_ENABLE_OBJC_ARC = YES;
				CLANG_ENABLE_OBJC_WEAK = YES;
				CLANG_WARN_BLOCK_CAPTURE_AUTORELEASING = YES;
				CLANG_WARN_BOOL_CONVERSION = YES;
				CLANG_WARN_COMMA = YES;
				CLANG_WARN_CONSTANT_CONVERSION = YES;
				CLANG_WARN_DEPRECATED_OBJC_IMPLEMENTATIONS = YES;
				CLANG_WARN_DIRECT_OBJC_ISA_USAGE = YES_ERROR;
				CLANG_WARN_DOCUMENTATION_COMMENTS = YES;
				CLANG_WARN_EMPTY_BODY = YES;
				CLANG_WARN_ENUM_CONVERSION = YES;
				CLANG_WARN_INFINITE_RECURSION = YES;
				CLANG_WARN_INT_CONVERSION = YES;
				CLANG_WARN_NON_LITERAL_NULL_CONVERSION = YES;
				CLANG_WARN_OBJC_IMPLICIT_RETAIN_SELF = YES;
				CLANG_WARN_OBJC_LITERAL_CONVERSION = YES;
				CLANG_WARN_OBJC_ROOT_CLASS = YES_ERROR;
				CLANG_WARN_QUOTED_INCLUDE_IN_FRAMEWORK_HEADER = YES;
				CLANG_WARN_RANGE_LOOP_ANALYSIS = YES;
				CLANG_WARN_STRICT_PROTOTYPES = YES;
				CLANG_WARN_SUSPICIOUS_MOVE = YES;
				CLANG_WARN_UNGUARDED_AVAILABILITY = YES_AGGRESSIVE;
				CLANG_WARN_UNREACHABLE_CODE = YES;
				CLANG_WARN__DUPLICATE_METHOD_MATCH = YES;
				COPY_PHASE_STRIP = NO;
				DEBUG_INFORMATION_FORMAT = "dwarf-with-dsym";
				ENABLE_NS_ASSERTIONS = NO;
				ENABLE_STRICT_OBJC_MSGSEND = YES;
				GCC_C_LANGUAGE_STANDARD = gnu11;
				GCC_NO_COMMON_BLOCKS = YES;
				GCC_WARN_64_TO_32_BIT_CONVERSION = YES;
				GCC_WARN_ABOUT_RETURN_TYPE = YES_ERROR;
				GCC_WARN_UNDECLARED_SELECTOR = YES;
				GCC_WARN_UNINITIALIZED_AUTOS = YES_AGGRESSIVE;
				GCC_WARN_UNUSED_FUNCTION = YES;
				GCC_WARN_UNUSED_VARIABLE = YES;
				IPHONEOS_DEPLOYMENT_TARGET = 16.0;
				MTL_ENABLE_DEBUG_INFO = NO;
				MTL_FAST_MATH = YES;
				SDKROOT = iphoneos;
				SWIFT_COMPILATION_MODE = wholemodule;
				SWIFT_OPTIMIZATION_LEVEL = "-O";
				VALIDATE_PRODUCT = YES;
			};
			name = Release;
		};
		D9474741294C73D0007C414B /* Debug */ = {
			isa = XCBuildConfiguration;
			buildSettings = {
				ASSETCATALOG_COMPILER_APPICON_NAME = AppIcon;
				ASSETCATALOG_COMPILER_GLOBAL_ACCENT_COLOR_NAME = AccentColor;
				CODE_SIGN_STYLE = Automatic;
				CURRENT_PROJECT_VERSION = 1;
				DEVELOPMENT_ASSET_PATHS = "\"NewsClientSwiftApp/Preview Content\"";
				ENABLE_PREVIEWS = YES;
				GENERATE_INFOPLIST_FILE = YES;
				INFOPLIST_KEY_UIApplicationSceneManifest_Generation = YES;
				INFOPLIST_KEY_UIApplicationSupportsIndirectInputEvents = YES;
				INFOPLIST_KEY_UILaunchScreen_Generation = YES;
				INFOPLIST_KEY_UISupportedInterfaceOrientations_iPad = "UIInterfaceOrientationPortrait UIInterfaceOrientationPortraitUpsideDown UIInterfaceOrientationLandscapeLeft UIInterfaceOrientationLandscapeRight";
				INFOPLIST_KEY_UISupportedInterfaceOrientations_iPhone = "UIInterfaceOrientationPortrait UIInterfaceOrientationLandscapeLeft UIInterfaceOrientationLandscapeRight";
				LD_RUNPATH_SEARCH_PATHS = (
					"$(inherited)",
					"@executable_path/Frameworks",
				);
				MARKETING_VERSION = 1.0;
				PRODUCT_BUNDLE_IDENTIFIER = test.NewsClientSwiftApp;
				PRODUCT_NAME = "$(TARGET_NAME)";
				SWIFT_EMIT_LOC_STRINGS = YES;
				SWIFT_VERSION = 5.0;
				TARGETED_DEVICE_FAMILY = "1,2";
			};
			name = Debug;
		};
		D9474742294C73D0007C414B /* Release */ = {
			isa = XCBuildConfiguration;
			buildSettings = {
				ASSETCATALOG_COMPILER_APPICON_NAME = AppIcon;
				ASSETCATALOG_COMPILER_GLOBAL_ACCENT_COLOR_NAME = AccentColor;
				CODE_SIGN_STYLE = Automatic;
				CURRENT_PROJECT_VERSION = 1;
				DEVELOPMENT_ASSET_PATHS = "\"NewsClientSwiftApp/Preview Content\"";
				ENABLE_PREVIEWS = YES;
				GENERATE_INFOPLIST_FILE = YES;
				INFOPLIST_KEY_UIApplicationSceneManifest_Generation = YES;
				INFOPLIST_KEY_UIApplicationSupportsIndirectInputEvents = YES;
				INFOPLIST_KEY_UILaunchScreen_Generation = YES;
				INFOPLIST_KEY_UISupportedInterfaceOrientations_iPad = "UIInterfaceOrientationPortrait UIInterfaceOrientationPortraitUpsideDown UIInterfaceOrientationLandscapeLeft UIInterfaceOrientationLandscapeRight";
				INFOPLIST_KEY_UISupportedInterfaceOrientations_iPhone = "UIInterfaceOrientationPortrait UIInterfaceOrientationLandscapeLeft UIInterfaceOrientationLandscapeRight";
				LD_RUNPATH_SEARCH_PATHS = (
					"$(inherited)",
					"@executable_path/Frameworks",
				);
				MARKETING_VERSION = 1.0;
				PRODUCT_BUNDLE_IDENTIFIER = test.NewsClientSwiftApp;
				PRODUCT_NAME = "$(TARGET_NAME)";
				SWIFT_EMIT_LOC_STRINGS = YES;
				SWIFT_VERSION = 5.0;
				TARGETED_DEVICE_FAMILY = "1,2";
			};
			name = Release;
		};
		D9474744294C73D0007C414B /* Debug */ = {
			isa = XCBuildConfiguration;
			buildSettings = {
				ALWAYS_EMBED_SWIFT_STANDARD_LIBRARIES = YES;
				BUNDLE_LOADER = "$(TEST_HOST)";
				CODE_SIGN_STYLE = Automatic;
				CURRENT_PROJECT_VERSION = 1;
				GENERATE_INFOPLIST_FILE = YES;
				IPHONEOS_DEPLOYMENT_TARGET = 16.0;
				MARKETING_VERSION = 1.0;
				PRODUCT_BUNDLE_IDENTIFIER = test.NewsClientSwiftAppTests;
				PRODUCT_NAME = "$(TARGET_NAME)";
				SWIFT_EMIT_LOC_STRINGS = NO;
				SWIFT_VERSION = 5.0;
				TARGETED_DEVICE_FAMILY = "1,2";
				TEST_HOST = "$(BUILT_PRODUCTS_DIR)/NewsClientSwiftApp.app/$(BUNDLE_EXECUTABLE_FOLDER_PATH)/NewsClientSwiftApp";
			};
			name = Debug;
		};
		D9474745294C73D0007C414B /* Release */ = {
			isa = XCBuildConfiguration;
			buildSettings = {
				ALWAYS_EMBED_SWIFT_STANDARD_LIBRARIES = YES;
				BUNDLE_LOADER = "$(TEST_HOST)";
				CODE_SIGN_STYLE = Automatic;
				CURRENT_PROJECT_VERSION = 1;
				GENERATE_INFOPLIST_FILE = YES;
				IPHONEOS_DEPLOYMENT_TARGET = 16.0;
				MARKETING_VERSION = 1.0;
				PRODUCT_BUNDLE_IDENTIFIER = test.NewsClientSwiftAppTests;
				PRODUCT_NAME = "$(TARGET_NAME)";
				SWIFT_EMIT_LOC_STRINGS = NO;
				SWIFT_VERSION = 5.0;
				TARGETED_DEVICE_FAMILY = "1,2";
				TEST_HOST = "$(BUILT_PRODUCTS_DIR)/NewsClientSwiftApp.app/$(BUNDLE_EXECUTABLE_FOLDER_PATH)/NewsClientSwiftApp";
			};
			name = Release;
		};
		D9474747294C73D0007C414B /* Debug */ = {
			isa = XCBuildConfiguration;
			buildSettings = {
				ALWAYS_EMBED_SWIFT_STANDARD_LIBRARIES = YES;
				CODE_SIGN_STYLE = Automatic;
				CURRENT_PROJECT_VERSION = 1;
				GENERATE_INFOPLIST_FILE = YES;
				MARKETING_VERSION = 1.0;
				PRODUCT_BUNDLE_IDENTIFIER = test.NewsClientSwiftAppUITests;
				PRODUCT_NAME = "$(TARGET_NAME)";
				SWIFT_EMIT_LOC_STRINGS = NO;
				SWIFT_VERSION = 5.0;
				TARGETED_DEVICE_FAMILY = "1,2";
				TEST_TARGET_NAME = NewsClientSwiftApp;
			};
			name = Debug;
		};
		D9474748294C73D0007C414B /* Release */ = {
			isa = XCBuildConfiguration;
			buildSettings = {
				ALWAYS_EMBED_SWIFT_STANDARD_LIBRARIES = YES;
				CODE_SIGN_STYLE = Automatic;
				CURRENT_PROJECT_VERSION = 1;
				GENERATE_INFOPLIST_FILE = YES;
				MARKETING_VERSION = 1.0;
				PRODUCT_BUNDLE_IDENTIFIER = test.NewsClientSwiftAppUITests;
				PRODUCT_NAME = "$(TARGET_NAME)";
				SWIFT_EMIT_LOC_STRINGS = NO;
				SWIFT_VERSION = 5.0;
				TARGETED_DEVICE_FAMILY = "1,2";
				TEST_TARGET_NAME = NewsClientSwiftApp;
			};
			name = Release;
		};
/* End XCBuildConfiguration section */

/* Begin XCConfigurationList section */
		D9474717294C73CF007C414B /* Build configuration list for PBXProject "NewsClientSwiftApp" */ = {
			isa = XCConfigurationList;
			buildConfigurations = (
				D947473E294C73D0007C414B /* Debug */,
				D947473F294C73D0007C414B /* Release */,
			);
			defaultConfigurationIsVisible = 0;
			defaultConfigurationName = Release;
		};
		D9474740294C73D0007C414B /* Build configuration list for PBXNativeTarget "NewsClientSwiftApp" */ = {
			isa = XCConfigurationList;
			buildConfigurations = (
				D9474741294C73D0007C414B /* Debug */,
				D9474742294C73D0007C414B /* Release */,
			);
			defaultConfigurationIsVisible = 0;
			defaultConfigurationName = Release;
		};
		D9474743294C73D0007C414B /* Build configuration list for PBXNativeTarget "NewsClientSwiftAppTests" */ = {
			isa = XCConfigurationList;
			buildConfigurations = (
				D9474744294C73D0007C414B /* Debug */,
				D9474745294C73D0007C414B /* Release */,
			);
			defaultConfigurationIsVisible = 0;
			defaultConfigurationName = Release;
		};
		D9474746294C73D0007C414B /* Build configuration list for PBXNativeTarget "NewsClientSwiftAppUITests" */ = {
			isa = XCConfigurationList;
			buildConfigurations = (
				D9474747294C73D0007C414B /* Debug */,
				D9474748294C73D0007C414B /* Release */,
			);
			defaultConfigurationIsVisible = 0;
			defaultConfigurationName = Release;
		};
/* End XCConfigurationList section */
	};
	rootObject = D9474714294C73CF007C414B /* Project object */;
}
